
Microsoft Visual Studio Solution File, Format Version 12.00
# Visual Studio Version 16
VisualStudioVersion = 16.0.31129.286
MinimumVisualStudioVersion = 10.0.40219.1
Project("{FAE04EC0-301F-11D3-BF4B-00C04F79EFBC}") = "Automaten", "Automaten\Automaten.csproj", "{7F47FA47-AE19-41F7-B2FC-507309F50035}"
EndProject
Global
	GlobalSection(SolutionConfigurationPlatforms) = preSolution
		Debug|Any CPU = Debug|Any CPU
		Release|Any CPU = Release|Any CPU
	EndGlobalSection
	GlobalSection(ProjectConfigurationPlatforms) = postSolution
		{7F47FA47-AE19-41F7-B2FC-507309F50035}.Debug|Any CPU.ActiveCfg = Debug|Any CPU
		{7F47FA47-AE19-41F7-B2FC-507309F50035}.Debug|Any CPU.Build.0 = Debug|Any CPU
		{7F47FA47-AE19-41F7-B2FC-507309F50035}.Release|Any CPU.ActiveCfg = Release|Any CPU
		{7F47FA47-AE19-41F7-B2FC-507309F50035}.Release|Any CPU.Build.0 = Release|Any CPU
	EndGlobalSection
	GlobalSection(SolutionProperties) = preSolution
		HideSolutionNode = FALSE
	EndGlobalSection
	GlobalSection(ExtensibilityGlobals) = postSolution
		SolutionGuid = {BD22B57B-453E-4F24-93C2-3E078CE36374}
	EndGlobalSection
EndGlobal
